
Microsoft Visual Studio Solution File, Format Version 12.00
# Visual Studio 14
VisualStudioVersion = 14.0.25420.1
MinimumVisualStudioVersion = 10.0.40219.1
Project("{FAE04EC0-301F-11D3-BF4B-00C04F79EFBC}") = "STW.TPC1.UNSK.Defects", "STW.TPC1.UNSK.Defects\STW.TPC1.UNSK.Defects.csproj", "{3460EE02-A747-400C-9016-24D4D45461D8}"
EndProject
Project("{2150E333-8FDC-42A3-9474-1A3956D46DE8}") = "BD", "BD", "{62539E63-24D2-47DE-B97F-ED02158D1F48}"
	ProjectSection(SolutionItems) = preProject
		BD\Defects.sqlite = BD\Defects.sqlite
	EndProjectSection
EndProject
Global
	GlobalSection(SolutionConfigurationPlatforms) = preSolution
		Debug|Any CPU = Debug|Any CPU
		Release|Any CPU = Release|Any CPU
	EndGlobalSection
	GlobalSection(ProjectConfigurationPlatforms) = postSolution
		{3460EE02-A747-400C-9016-24D4D45461D8}.Debug|Any CPU.ActiveCfg = Debug|Any CPU
		{3460EE02-A747-400C-9016-24D4D45461D8}.Debug|Any CPU.Build.0 = Debug|Any CPU
		{3460EE02-A747-400C-9016-24D4D45461D8}.Release|Any CPU.ActiveCfg = Release|Any CPU
		{3460EE02-A747-400C-9016-24D4D45461D8}.Release|Any CPU.Build.0 = Release|Any CPU
	EndGlobalSection
	GlobalSection(SolutionProperties) = preSolution
		HideSolutionNode = FALSE
	EndGlobalSection
EndGlobal
